Microsoft Visual Studio Solution File, Format Version 12.00
# Visual Studio Version 17
VisualStudioVersion = 17.5.2.0
MinimumVisualStudioVersion = 10.0.40219.1
Project("{FAE04EC0-301F-11D3-BF4B-00C04F79EFBC}") = "SMTBattle.Web", "SMTBattle.Web.csproj", "{9684128B-DB58-AF84-3FD5-69198CFE6BF6}"
EndProject
Global
	GlobalSection(SolutionConfigurationPlatforms) = preSolution
		Debug|Any CPU = Debug|Any CPU
		Release|Any CPU = Release|Any CPU
	EndGlobalSection
	GlobalSection(ProjectConfigurationPlatforms) = postSolution
		{9684128B-DB58-AF84-3FD5-69198CFE6BF6}.Debug|Any CPU.ActiveCfg = Debug|Any CPU
		{9684128B-DB58-AF84-3FD5-69198CFE6BF6}.Debug|Any CPU.Build.0 = Debug|Any CPU
		{9684128B-DB58-AF84-3FD5-69198CFE6BF6}.Release|Any CPU.ActiveCfg = Release|Any CPU
		{9684128B-DB58-AF84-3FD5-69198CFE6BF6}.Release|Any CPU.Build.0 = Release|Any CPU
	EndGlobalSection
	GlobalSection(SolutionProperties) = preSolution
		HideSolutionNode = FALSE
	EndGlobalSection
	GlobalSection(ExtensibilityGlobals) = postSolution
		SolutionGuid = {DF39B4DF-FF93-4781-B351-7EE487376A46}
	EndGlobalSection
EndGlobal
